
Microsoft Visual Studio Solution File, Format Version 12.00
# Visual Studio Version 17
VisualStudioVersion = 17.14.36511.14 d17.14
MinimumVisualStudioVersion = 10.0.40219.1
Project("{FAE04EC0-301F-11D3-BF4B-00C04F79EFBC}") = "CompressionBenchmark", "CompressionBenchmark.csproj", "{C796B4C0-7D81-4FA7-8CB5-357A00C62F27}"
EndProject
Global
	GlobalSection(SolutionConfigurationPlatforms) = preSolution
		Debug|Any CPU = Debug|Any CPU
		Release|Any CPU = Release|Any CPU
	EndGlobalSection
	GlobalSection(ProjectConfigurationPlatforms) = postSolution
		{C796B4C0-7D81-4FA7-8CB5-357A00C62F27}.Debug|Any CPU.ActiveCfg = Debug|Any CPU
		{C796B4C0-7D81-4FA7-8CB5-357A00C62F27}.Debug|Any CPU.Build.0 = Debug|Any CPU
		{C796B4C0-7D81-4FA7-8CB5-357A00C62F27}.Release|Any CPU.ActiveCfg = Release|Any CPU
		{C796B4C0-7D81-4FA7-8CB5-357A00C62F27}.Release|Any CPU.Build.0 = Release|Any CPU
	EndGlobalSection
	GlobalSection(SolutionProperties) = preSolution
		HideSolutionNode = FALSE
	EndGlobalSection
	GlobalSection(ExtensibilityGlobals) = postSolution
		SolutionGuid = {6D7A1BCC-1EDF-4CBF-9B4D-9630FCD9B46B}
	EndGlobalSection
EndGlobal
